
Microsoft Visual Studio Solution File, Format Version 12.00
# Visual Studio Version 16
VisualStudioVersion = 16.0.29709.97
MinimumVisualStudioVersion = 10.0.40219.1
Project("{9A19103F-16F7-4668-BE54-9A1E7A4F7556}") = "eDentalist.WebAPI", "eDentalist.WebAPI\eDentalist.WebAPI.csproj", "{D15802EB-F51F-4719-A3CB-25781162E60B}"
EndProject
Project("{FAE04EC0-301F-11D3-BF4B-00C04F79EFBC}") = "eDentalist.Model", "eDentalist.Model\eDentalist.Model.csproj", "{D0A8C4ED-18CC-4275-9B39-B7000C8916BE}"
EndProject
Global
	GlobalSection(SolutionConfigurationPlatforms) = preSolution
		Debug|Any CPU = Debug|Any CPU
		Release|Any CPU = Release|Any CPU
	EndGlobalSection
	GlobalSection(ProjectConfigurationPlatforms) = postSolution
		{D15802EB-F51F-4719-A3CB-25781162E60B}.Debug|Any CPU.ActiveCfg = Debug|Any CPU
		{D15802EB-F51F-4719-A3CB-25781162E60B}.Debug|Any CPU.Build.0 = Debug|Any CPU
		{D15802EB-F51F-4719-A3CB-25781162E60B}.Release|Any CPU.ActiveCfg = Release|Any CPU
		{D15802EB-F51F-4719-A3CB-25781162E60B}.Release|Any CPU.Build.0 = Release|Any CPU
		{D0A8C4ED-18CC-4275-9B39-B7000C8916BE}.Debug|Any CPU.ActiveCfg = Debug|Any CPU
		{D0A8C4ED-18CC-4275-9B39-B7000C8916BE}.Debug|Any CPU.Build.0 = Debug|Any CPU
		{D0A8C4ED-18CC-4275-9B39-B7000C8916BE}.Release|Any CPU.ActiveCfg = Release|Any CPU
		{D0A8C4ED-18CC-4275-9B39-B7000C8916BE}.Release|Any CPU.Build.0 = Release|Any CPU
	EndGlobalSection
	GlobalSection(SolutionProperties) = preSolution
		HideSolutionNode = FALSE
	EndGlobalSection
	GlobalSection(ExtensibilityGlobals) = postSolution
		SolutionGuid = {46D56FF5-60B0-4872-94BE-AE0C47E9550C}
	EndGlobalSection
EndGlobal
